
Microsoft Visual Studio Solution File, Format Version 12.00
# Visual Studio 14
VisualStudioVersion = 14.0.25420.1
MinimumVisualStudioVersion = 10.0.40219.1
Project("{FAE04EC0-301F-11D3-BF4B-00C04F79EFBC}") = "fastCSharp.ios", "..\fastCSharp\fastCSharp.ios.csproj", "{75B5F669-4924-4642-B2A4-AE9739D22221}"
EndProject
Project("{FAE04EC0-301F-11D3-BF4B-00C04F79EFBC}") = "fastCSharp.expand.ios", "..\tool\expand\fastCSharp.expand.ios.csproj", "{760B4DF2-8B4F-4DC5-B32C-6748700C5D86}"
EndProject
Project("{FAE04EC0-301F-11D3-BF4B-00C04F79EFBC}") = "fastCSharp.xamarinForms.ui", "xamarinForms.ui\fastCSharp.xamarinForms.ui.csproj", "{67F9D3A8-F71E-4428-913F-C37AE82CDB24}"
EndProject
Project("{FAE04EC0-301F-11D3-BF4B-00C04F79EFBC}") = "fastCSharp.xamarinForms.ios", "xamarinForms\fastCSharp.xamarinForms.ios.csproj", "{C73659FB-C156-42A8-8DDD-B1FC8FD5FB89}"
EndProject
Global
	GlobalSection(SolutionConfigurationPlatforms) = preSolution
		Debug|Any CPU = Debug|Any CPU
		Release|Any CPU = Release|Any CPU
	EndGlobalSection
	GlobalSection(ProjectConfigurationPlatforms) = postSolution
		{75B5F669-4924-4642-B2A4-AE9739D22221}.Debug|Any CPU.ActiveCfg = Debug|Any CPU
		{75B5F669-4924-4642-B2A4-AE9739D22221}.Debug|Any CPU.Build.0 = Debug|Any CPU
		{75B5F669-4924-4642-B2A4-AE9739D22221}.Release|Any CPU.ActiveCfg = Release|Any CPU
		{75B5F669-4924-4642-B2A4-AE9739D22221}.Release|Any CPU.Build.0 = Release|Any CPU
		{760B4DF2-8B4F-4DC5-B32C-6748700C5D86}.Debug|Any CPU.ActiveCfg = Debug|Any CPU
		{760B4DF2-8B4F-4DC5-B32C-6748700C5D86}.Debug|Any CPU.Build.0 = Debug|Any CPU
		{760B4DF2-8B4F-4DC5-B32C-6748700C5D86}.Release|Any CPU.ActiveCfg = Release|Any CPU
		{760B4DF2-8B4F-4DC5-B32C-6748700C5D86}.Release|Any CPU.Build.0 = Release|Any CPU
		{67F9D3A8-F71E-4428-913F-C37AE82CDB24}.Debug|Any CPU.ActiveCfg = Debug|Any CPU
		{67F9D3A8-F71E-4428-913F-C37AE82CDB24}.Debug|Any CPU.Build.0 = Debug|Any CPU
		{67F9D3A8-F71E-4428-913F-C37AE82CDB24}.Release|Any CPU.ActiveCfg = Release|Any CPU
		{67F9D3A8-F71E-4428-913F-C37AE82CDB24}.Release|Any CPU.Build.0 = Release|Any CPU
		{C73659FB-C156-42A8-8DDD-B1FC8FD5FB89}.Debug|Any CPU.ActiveCfg = Debug|Any CPU
		{C73659FB-C156-42A8-8DDD-B1FC8FD5FB89}.Debug|Any CPU.Build.0 = Debug|Any CPU
		{C73659FB-C156-42A8-8DDD-B1FC8FD5FB89}.Release|Any CPU.ActiveCfg = Release|Any CPU
		{C73659FB-C156-42A8-8DDD-B1FC8FD5FB89}.Release|Any CPU.Build.0 = Release|Any CPU
	EndGlobalSection
	GlobalSection(SolutionProperties) = preSolution
		HideSolutionNode = FALSE
	EndGlobalSection
EndGlobal
